
Microsoft Visual Studio Solution File, Format Version 12.00
# Visual Studio Version 16
VisualStudioVersion = 16.0.28917.182
MinimumVisualStudioVersion = 10.0.40219.1
Project("{FAE04EC0-301F-11D3-BF4B-00C04F79EFBC}") = "AppUi", "AppUi\AppUi.csproj", "{134C6F08-D7CE-4358-A292-970391573C54}"
EndProject
Project("{FAE04EC0-301F-11D3-BF4B-00C04F79EFBC}") = "AppLogic", "AppLogic\AppLogic.csproj", "{613C8532-B972-43C5-B0DA-F47D8B7D8834}"
EndProject
Global
	GlobalSection(SolutionConfigurationPlatforms) = preSolution
		Debug|Any CPU = Debug|Any CPU
		Release|Any CPU = Release|Any CPU
	EndGlobalSection
	GlobalSection(ProjectConfigurationPlatforms) = postSolution
		{134C6F08-D7CE-4358-A292-970391573C54}.Debug|Any CPU.ActiveCfg = Debug|Any CPU
		{134C6F08-D7CE-4358-A292-970391573C54}.Debug|Any CPU.Build.0 = Debug|Any CPU
		{134C6F08-D7CE-4358-A292-970391573C54}.Release|Any CPU.ActiveCfg = Release|Any CPU
		{134C6F08-D7CE-4358-A292-970391573C54}.Release|Any CPU.Build.0 = Release|Any CPU
		{613C8532-B972-43C5-B0DA-F47D8B7D8834}.Debug|Any CPU.ActiveCfg = Debug|Any CPU
		{613C8532-B972-43C5-B0DA-F47D8B7D8834}.Debug|Any CPU.Build.0 = Debug|Any CPU
		{613C8532-B972-43C5-B0DA-F47D8B7D8834}.Release|Any CPU.ActiveCfg = Release|Any CPU
		{613C8532-B972-43C5-B0DA-F47D8B7D8834}.Release|Any CPU.Build.0 = Release|Any CPU
	EndGlobalSection
	GlobalSection(SolutionProperties) = preSolution
		HideSolutionNode = FALSE
	EndGlobalSection
	GlobalSection(ExtensibilityGlobals) = postSolution
		SolutionGuid = {47D86C01-E551-4588-9C3F-1BFC9948A7E9}
	EndGlobalSection
EndGlobal
